
Microsoft Visual Studio Solution File, Format Version 12.00
# Visual Studio Version 16
VisualStudioVersion = 16.0.30225.117
MinimumVisualStudioVersion = 10.0.40219.1
Project("{FAE04EC0-301F-11D3-BF4B-00C04F79EFBC}") = "autoBatch", "autoBatch\autoBatch.csproj", "{042025A9-292D-482E-976A-44C3F7D8AF43}"
EndProject
Global
	GlobalSection(SolutionConfigurationPlatforms) = preSolution
		Debug|Any CPU = Debug|Any CPU
		Release|Any CPU = Release|Any CPU
	EndGlobalSection
	GlobalSection(ProjectConfigurationPlatforms) = postSolution
		{042025A9-292D-482E-976A-44C3F7D8AF43}.Debug|Any CPU.ActiveCfg = Debug|Any CPU
		{042025A9-292D-482E-976A-44C3F7D8AF43}.Debug|Any CPU.Build.0 = Debug|Any CPU
		{042025A9-292D-482E-976A-44C3F7D8AF43}.Release|Any CPU.ActiveCfg = Release|Any CPU
		{042025A9-292D-482E-976A-44C3F7D8AF43}.Release|Any CPU.Build.0 = Release|Any CPU
	EndGlobalSection
	GlobalSection(SolutionProperties) = preSolution
		HideSolutionNode = FALSE
	EndGlobalSection
	GlobalSection(ExtensibilityGlobals) = postSolution
		SolutionGuid = {39E2AF56-7271-4F13-BD14-14BC2230E61F}
	EndGlobalSection
EndGlobal
